
Microsoft Visual Studio Solution File, Format Version 12.00
# Visual Studio Version 16
VisualStudioVersion = 16.0.31613.86
MinimumVisualStudioVersion = 10.0.40219.1
Project("{FAE04EC0-301F-11D3-BF4B-00C04F79EFBC}") = "subject_system", "subject_system\subject_system.csproj", "{A8618CA4-8E8F-4978-AB7D-F1EB78AB21BA}"
EndProject
Global
	GlobalSection(SolutionConfigurationPlatforms) = preSolution
		Debug|Any CPU = Debug|Any CPU
		Release|Any CPU = Release|Any CPU
	EndGlobalSection
	GlobalSection(ProjectConfigurationPlatforms) = postSolution
		{A8618CA4-8E8F-4978-AB7D-F1EB78AB21BA}.Debug|Any CPU.ActiveCfg = Debug|Any CPU
		{A8618CA4-8E8F-4978-AB7D-F1EB78AB21BA}.Debug|Any CPU.Build.0 = Debug|Any CPU
		{A8618CA4-8E8F-4978-AB7D-F1EB78AB21BA}.Release|Any CPU.ActiveCfg = Release|Any CPU
		{A8618CA4-8E8F-4978-AB7D-F1EB78AB21BA}.Release|Any CPU.Build.0 = Release|Any CPU
	EndGlobalSection
	GlobalSection(SolutionProperties) = preSolution
		HideSolutionNode = FALSE
	EndGlobalSection
	GlobalSection(ExtensibilityGlobals) = postSolution
		SolutionGuid = {D9098183-A964-4061-8211-C58BE70AA4F3}
	EndGlobalSection
EndGlobal
